// !$*UTF8*$!
{
	archiveVersion = 1;
	classes = {
	};
	objectVersion = 50;
	objects = {

/* Begin PBXBuildFile section */
		DC9C9B982289D21D007E439B /* AppDelegate.swift in Sources */ = {isa = PBXBuildFile; fileRef = DC9C9B972289D21D007E439B /* AppDelegate.swift */; };
		DC9C9B9A2289D21D007E439B /* ViewController.swift in Sources */ = {isa = PBXBuildFile; fileRef = DC9C9B992289D21D007E439B /* ViewController.swift */; };
		DC9C9B9D2289D21D007E439B /* Main.storyboard in Resources */ = {isa = PBXBuildFile; fileRef = DC9C9B9B2289D21D007E439B /* Main.storyboard */; };
		DC9C9B9F2289D21F007E439B /* Assets.xcassets in Resources */ = {isa = PBXBuildFile; fileRef = DC9C9B9E2289D21F007E439B /* Assets.xcassets */; };
		DC9C9BA22289D21F007E439B /* LaunchScreen.storyboard in Resources */ = {isa = PBXBuildFile; fileRef = DC9C9BA02289D21F007E439B /* LaunchScreen.storyboard */; };
		DC9C9BAA2289D23D007E439B /* ScrollableStackView.swift in Sources */ = {isa = PBXBuildFile; fileRef = DC9C9BA92289D23D007E439B /* ScrollableStackView.swift */; };
		DC9C9BAC22908913007E439B /* UIView+RoundCorners.swift in Sources */ = {isa = PBXBuildFile; fileRef = DC9C9BAB22908913007E439B /* UIView+RoundCorners.swift */; };
/* End PBXBuildFile section */

/* Begin PBXFileReference section */
		DC9C9B942289D21D007E439B /* ScrollableStackView.app */ = {isa = PBXFileReference; explicitFileType = wrapper.application; includeInIndex = 0; path = ScrollableStackView.app; sourceTree = BUILT_PRODUCTS_DIR; };
		DC9C9B972289D21D007E439B /* AppDelegate.swift */ = {isa = PBXFileReference; lastKnownFileType = sourcecode.swift; path = AppDelegate.swift; sourceTree = "<group>"; };
		DC9C9B992289D21D007E439B /* ViewController.swift */ = {isa = PBXFileReference; lastKnownFileType = sourcecode.swift; path = ViewController.swift; sourceTree = "<group>"; };
		DC9C9B9C2289D21D007E439B /* Base */ = {isa = PBXFileReference; lastKnownFileType = file.storyboard; name = Base; path = Base.lproj/Main.storyboard; sourceTree = "<group>"; };
		DC9C9B9E2289D21F007E439B /* Assets.xcassets */ = {isa = PBXFileReference; lastKnownFileType = folder.assetcatalog; path = Assets.xcassets; sourceTree = "<group>"; };
		DC9C9BA12289D21F007E439B /* Base */ = {isa = PBXFileReference; lastKnownFileType = file.storyboard; name = Base; path = Base.lproj/LaunchScreen.storyboard; sourceTree = "<group>"; };
		DC9C9BA32289D21F007E439B /* Info.plist */ = {isa = PBXFileReference; lastKnownFileType = text.plist.xml; path = Info.plist; sourceTree = "<group>"; };
		DC9C9BA92289D23D007E439B /* ScrollableStackView.swift */ = {isa = PBXFileReference; lastKnownFileType = sourcecode.swift; path = ScrollableStackView.swift; sourceTree = "<group>"; };
		DC9C9BAB22908913007E439B /* UIView+RoundCorners.swift */ = {isa = PBXFileReference; lastKnownFileType = sourcecode.swift; path = "UIView+RoundCorners.swift"; sourceTree = "<group>"; };
/* End PBXFileReference section */

/* Begin PBXFrameworksBuildPhase section */
		DC9C9B912289D21D007E439B /* Frameworks */ = {
			isa = PBXFrameworksBuildPhase;
			buildActionMask = 2147483647;
			files = (
			);
			runOnlyForDeploymentPostprocessing = 0;
		};
/* End PBXFrameworksBuildPhase section */

/* Begin PBXGroup section */
		DC9C9B8B2289D21D007E439B = {
			isa = PBXGroup;
			children = (
				DC9C9B962289D21D007E439B /* ScrollableStackView */,
				DC9C9B952289D21D007E439B /* Products */,
			);
			sourceTree = "<group>";
		};
		DC9C9B952289D21D007E439B /* Products */ = {
			isa = PBXGroup;
			children = (
				DC9C9B942289D21D007E439B /* ScrollableStackView.app */,
			);
			name = Products;
			sourceTree = "<group>";
		};
		DC9C9B962289D21D007E439B /* ScrollableStackView */ = {
			isa = PBXGroup;
			children = (
				DC9C9B972289D21D007E439B /* AppDelegate.swift */,
				DC9C9B992289D21D007E439B /* ViewController.swift */,
				DC9C9BAB22908913007E439B /* UIView+RoundCorners.swift */,
				DC9C9BA92289D23D007E439B /* ScrollableStackView.swift */,
				DC9C9B9B2289D21D007E439B /* Main.storyboard */,
				DC9C9B9E2289D21F007E439B /* Assets.xcassets */,
				DC9C9BA02289D21F007E439B /* LaunchScreen.storyboard */,
				DC9C9BA32289D21F007E439B /* Info.plist */,
			);
			path = ScrollableStackView;
			sourceTree = "<group>";
		};
/* End PBXGroup section */

/* Begin PBXNativeTarget section */
		DC9C9B932289D21D007E439B /* ScrollableStackView */ = {
			isa = PBXNativeTarget;
			buildConfigurationList = DC9C9BA62289D21F007E439B /* Build configuration list for PBXNativeTarget "ScrollableStackView" */;
			buildPhases = (
				DC9C9B902289D21D007E439B /* Sources */,
				DC9C9B912289D21D007E439B /* Frameworks */,
				DC9C9B922289D21D007E439B /* Resources */,
			);
			buildRules = (
			);
			dependencies = (
			);
			name = ScrollableStackView;
			productName = ScrollableStackView;
			productReference = DC9C9B942289D21D007E439B /* ScrollableStackView.app */;
			productType = "com.apple.product-type.application";
		};
/* End PBXNativeTarget section */

/* Begin PBXProject section */
		DC9C9B8C2289D21D007E439B /* Project object */ = {
			isa = PBXProject;
			attributes = {
				LastSwiftUpdateCheck = 1020;
				LastUpgradeCheck = 1020;
				ORGANIZATIONNAME = "Joan Disho";
				TargetAttributes = {
					DC9C9B932289D21D007E439B = {
						CreatedOnToolsVersion = 10.2.1;
					};
				};
			};
			buildConfigurationList = DC9C9B8F2289D21D007E439B /* Build configuration list for PBXProject "ScrollableStackView" */;
			compatibilityVersion = "Xcode 9.3";
			developmentRegion = en;
			hasScannedForEncodings = 0;
			knownRegions = (
				en,
				Base,
			);
			mainGroup = DC9C9B8B2289D21D007E439B;
			productRefGroup = DC9C9B952289D21D007E439B /* Products */;
			projectDirPath = "";
			projectRoot = "";
			targets = (
				DC9C9B932289D21D007E439B /* ScrollableStackView */,
			);
		};
/* End PBXProject section */

/* Begin PBXResourcesBuildPhase section */
		DC9C9B922289D21D007E439B /* Resources */ = {
			isa = PBXResourcesBuildPhase;
			buildActionMask = 2147483647;
			files = (
				DC9C9BA22289D21F007E439B /* LaunchScreen.storyboard in Resources */,
				DC9C9B9F2289D21F007E439B /* Assets.xcassets in Resources */,
				DC9C9B9D2289D21D007E439B /* Main.storyboard in Resources */,
			);
			runOnlyForDeploymentPostprocessing = 0;
		};
/* End PBXResourcesBuildPhase section */

/* Begin PBXSourcesBuildPhase section */
		DC9C9B902289D21D007E439B /* Sources */ = {
			isa = PBXSourcesBuildPhase;
			buildActionMask = 2147483647;
			files = (
				DC9C9BAC22908913007E439B /* UIView+RoundCorners.swift in Sources */,
				DC9C9BAA2289D23D007E439B /* ScrollableStackView.swift in Sources */,
				DC9C9B9A2289D21D007E439B /* ViewController.swift in Sources */,
				DC9C9B982289D21D007E439B /* AppDelegate.swift in Sources */,
			);
			runOnlyForDeploymentPostprocessing = 0;
		};
/* End PBXSourcesBuildPhase section */

/* Begin PBXVariantGroup section */
		DC9C9B9B2289D21D007E439B /* Main.storyboard */ = {
			isa = PBXVariantGroup;
			children = (
				DC9C9B9C2289D21D007E439B /* Base */,
			);
			name = Main.storyboard;
			sourceTree = "<group>";
		};
		DC9C9BA02289D21F007E439B /* LaunchScreen.storyboard */ = {
			isa = PBXVariantGroup;
			children = (
				DC9C9BA12289D21F007E439B /* Base */,
			);
			name = LaunchScreen.storyboard;
			sourceTree = "<group>";
		};
/* End PBXVariantGroup section */

/* Begin XCBuildConfiguration section */
		DC9C9BA42289D21F007E439B /* Debug */ = {
			isa = XCBuildConfiguration;
			buildSettings = {
				ALWAYS_SEARCH_USER_PATHS = NO;
				CLANG_ANALYZER_NONNULL = YES;
				CLANG_ANALYZER_NUMBER_OBJECT_CONVERSION = YES_AGGRESSIVE;
				CLANG_CXX_LANGUAGE_STANDARD = "gnu++14";
				CLANG_CXX_LIBRARY = "libc++";
				CLANG_ENABLE_MODULES = YES;
				CLANG_ENABLE_OBJC_ARC = YES;
				CLANG_ENABLE_OBJC_WEAK = YES;
				CLANG_WARN_BLOCK_CAPTURE_AUTORELEASING = YES;
				CLANG_WARN_BOOL_CONVERSION = YES;
				CLANG_WARN_COMMA = YES;
				CLANG_WARN_CONSTANT_CONVERSION = YES;
				CLANG_WARN_DEPRECATED_OBJC_IMPLEMENTATIONS = YES;
				CLANG_WARN_DIRECT_OBJC_ISA_USAGE = YES_ERROR;
				CLANG_WARN_DOCUMENTATION_COMMENTS = YES;
				CLANG_WARN_EMPTY_BODY = YES;
				CLANG_WARN_ENUM_CONVERSION = YES;
				CLANG_WARN_INFINITE_RECURSION = YES;
				CLANG_WARN_INT_CONVERSION = YES;
				CLANG_WARN_NON_LITERAL_NULL_CONVERSION = YES;
				CLANG_WARN_OBJC_IMPLICIT_RETAIN_SELF = YES;
				CLANG_WARN_OBJC_LITERAL_CONVERSION = YES;
				CLANG_WARN_OBJC_ROOT_CLASS = YES_ERROR;
				CLANG_WARN_RANGE_LOOP_ANALYSIS = YES;
				CLANG_WARN_STRICT_PROTOTYPES = YES;
				CLANG_WARN_SUSPICIOUS_MOVE = YES;
				CLANG_WARN_UNGUARDED_AVAILABILITY = YES_AGGRESSIVE;
				CLANG_WARN_UNREACHABLE_CODE = YES;
				CLANG_WARN__DUPLICATE_METHOD_MATCH = YES;
				CODE_SIGN_IDENTITY = "iPhone Developer";
				COPY_PHASE_STRIP = NO;
				DEBUG_INFORMATION_FORMAT = dwarf;
				ENABLE_STRICT_OBJC_MSGSEND = YES;
				ENABLE_TESTABILITY = YES;
				GCC_C_LANGUAGE_STANDARD = gnu11;
				GCC_DYNAMIC_NO_PIC = NO;
				GCC_NO_COMMON_BLOCKS = YES;
				GCC_OPTIMIZATION_LEVEL = 0;
				GCC_PREPROCESSOR_DEFINITIONS = (
					"DEBUG=1",
					"$(inherited)",
				);
				GCC_WARN_64_TO_32_BIT_CONVERSION = YES;
				GCC_WARN_ABOUT_RETURN_TYPE = YES_ERROR;
				GCC_WARN_UNDECLARED_SELECTOR = YES;
				GCC_WARN_UNINITIALIZED_AUTOS = YES_AGGRESSIVE;
				GCC_WARN_UNUSED_FUNCTION = YES;
				GCC_WARN_UNUSED_VARIABLE = YES;
				IPHONEOS_DEPLOYMENT_TARGET = 12.2;
				MTL_ENABLE_DEBUG_INFO = INCLUDE_SOURCE;
				MTL_FAST_MATH = YES;
				ONLY_ACTIVE_ARCH = YES;
				SDKROOT = iphoneos;
				SWIFT_ACTIVE_COMPILATION_CONDITIONS = DEBUG;
				SWIFT_OPTIMIZATION_LEVEL = "-Onone";
			};
			name = Debug;
		};
		DC9C9BA52289D21F007E439B /* Release */ = {
			isa = XCBuildConfiguration;
			buildSettings = {
				ALWAYS_SEARCH_USER_PATHS = NO;
				CLANG_ANALYZER_NONNULL = YES;
				CLANG_ANALYZER_NUMBER_OBJECT_CONVERSION = YES_AGGRESSIVE;
				CLANG_CXX_LANGUAGE_STANDARD = "gnu++14";
				CLANG_CXX_LIBRARY = "libc++";
				CLANG_ENABLE_MODULES = YES;
				CLANG_ENABLE_OBJC_ARC = YES;
				CLANG_ENABLE_OBJC_WEAK = YES;
				CLANG_WARN_BLOCK_CAPTURE_AUTORELEASING = YES;
				CLANG_WARN_BOOL_CONVERSION = YES;
				CLANG_WARN_COMMA = YES;
				CLANG_WARN_CONSTANT_CONVERSION = YES;
				CLANG_WARN_DEPRECATED_OBJC_IMPLEMENTATIONS = YES;
				CLANG_WARN_DIRECT_OBJC_ISA_USAGE = YES_ERROR;
				CLANG_WARN_DOCUMENTATION_COMMENTS = YES;
				CLANG_WARN_EMPTY_BODY = YES;
				CLANG_WARN_ENUM_CONVERSION = YES;
				CLANG_WARN_INFINITE_RECURSION = YES;
				CLANG_WARN_INT_CONVERSION = YES;
				CLANG_WARN_NON_LITERAL_NULL_CONVERSION = YES;
				CLANG_WARN_OBJC_IMPLICIT_RETAIN_SELF = YES;
				CLANG_WARN_OBJC_LITERAL_CONVERSION = YES;
				CLANG_WARN_OBJC_ROOT_CLASS = YES_ERROR;
				CLANG_WARN_RANGE_LOOP_ANALYSIS = YES;
				CLANG_WARN_STRICT_PROTOTYPES = YES;
				CLANG_WARN_SUSPICIOUS_MOVE = YES;
				CLANG_WARN_UNGUARDED_AVAILABILITY = YES_AGGRESSIVE;
				CLANG_WARN_UNREACHABLE_CODE = YES;
				CLANG_WARN__DUPLICATE_METHOD_MATCH = YES;
				CODE_SIGN_IDENTITY = "iPhone Developer";
				COPY_PHASE_STRIP = NO;
				DEBUG_INFORMATION_FORMAT = "dwarf-with-dsym";
				ENABLE_NS_ASSERTIONS = NO;
				ENABLE_STRICT_OBJC_MSGSEND = YES;
				GCC_C_LANGUAGE_STANDARD = gnu11;
				GCC_NO_COMMON_BLOCKS = YES;
				GCC_WARN_64_TO_32_BIT_CONVERSION = YES;
				GCC_WARN_ABOUT_RETURN_TYPE = YES_ERROR;
				GCC_WARN_UNDECLARED_SELECTOR = YES;
				GCC_WARN_UNINITIALIZED_AUTOS = YES_AGGRESSIVE;
				GCC_WARN_UNUSED_FUNCTION = YES;
				GCC_WARN_UNUSED_VARIABLE = YES;
				IPHONEOS_DEPLOYMENT_TARGET = 12.2;
				MTL_ENABLE_DEBUG_INFO = NO;
				MTL_FAST_MATH = YES;
				SDKROOT = iphoneos;
				SWIFT_COMPILATION_MODE = wholemodule;
				SWIFT_OPTIMIZATION_LEVEL = "-O";
				VALIDATE_PRODUCT = YES;
			};
			name = Release;
		};
		DC9C9BA72289D21F007E439B /* Debug */ = {
			isa = XCBuildConfiguration;
			buildSettings = {
				ASSETCATALOG_COMPILER_APPICON_NAME = AppIcon;
				CODE_SIGN_STYLE = Automatic;
				DEVELOPMENT_TEAM = K3WATBUBCW;
				INFOPLIST_FILE = ScrollableStackView/Info.plist;
				LD_RUNPATH_SEARCH_PATHS = (
					"$(inherited)",
					"@executable_path/Frameworks",
				);
				PRODUCT_BUNDLE_IDENTIFIER = disho.ScrollableStackView;
				PRODUCT_NAME = "$(TARGET_NAME)";
				SWIFT_VERSION = 5.0;
				TARGETED_DEVICE_FAMILY = "1,2";
			};
			name = Debug;
		};
		DC9C9BA82289D21F007E439B /* Release */ = {
			isa = XCBuildConfiguration;
			buildSettings = {
				ASSETCATALOG_COMPILER_APPICON_NAME = AppIcon;
				CODE_SIGN_STYLE = Automatic;
				DEVELOPMENT_TEAM = K3WATBUBCW;
				INFOPLIST_FILE = ScrollableStackView/Info.plist;
				LD_RUNPATH_SEARCH_PATHS = (
					"$(inherited)",
					"@executable_path/Frameworks",
				);
				PRODUCT_BUNDLE_IDENTIFIER = disho.ScrollableStackView;
				PRODUCT_NAME = "$(TARGET_NAME)";
				SWIFT_VERSION = 5.0;
				TARGETED_DEVICE_FAMILY = "1,2";
			};
			name = Release;
		};
/* End XCBuildConfiguration section */

/* Begin XCConfigurationList section */
		DC9C9B8F2289D21D007E439B /* Build configuration list for PBXProject "ScrollableStackView" */ = {
			isa = XCConfigurationList;
			buildConfigurations = (
				DC9C9BA42289D21F007E439B /* Debug */,
				DC9C9BA52289D21F007E439B /* Release */,
			);
			defaultConfigurationIsVisible = 0;
			defaultConfigurationName = Release;
		};
		DC9C9BA62289D21F007E439B /* Build configuration list for PBXNativeTarget "ScrollableStackView" */ = {
			isa = XCConfigurationList;
			buildConfigurations = (
				DC9C9BA72289D21F007E439B /* Debug */,
				DC9C9BA82289D21F007E439B /* Release */,
			);
			defaultConfigurationIsVisible = 0;
			defaultConfigurationName = Release;
		};
/* End XCConfigurationList section */
	};
	rootObject = DC9C9B8C2289D21D007E439B /* Project object */;
}
